// !$*UTF8*$!
{
	archiveVersion = 1;
	classes = {
	};
	objectVersion = 46;
	objects = {

/* Begin PBXBuildFile section */
		4A17EAB21DFFCCD700AC207C /* main.m in Sources */ = {isa = PBXBuildFile; fileRef = 4A17EAB11DFFCCD700AC207C /* main.m */; };
		4A17EAB51DFFCCD700AC207C /* AppDelegate.m in Sources */ = {isa = PBXBuildFile; fileRef = 4A17EAB41DFFCCD700AC207C /* AppDelegate.m */; };
		4A17EAB81DFFCCD700AC207C /* ViewController.m in Sources */ = {isa = PBXBuildFile; fileRef = 4A17EAB71DFFCCD700AC207C /* ViewController.m */; };
		4A17EABB1DFFCCD700AC207C /* Main.storyboard in Resources */ = {isa = PBXBuildFile; fileRef = 4A17EAB91DFFCCD700AC207C /* Main.storyboard */; };
		4A17EABD1DFFCCD700AC207C /* Assets.xcassets in Resources */ = {isa = PBXBuildFile; fileRef = 4A17EABC1DFFCCD700AC207C /* Assets.xcassets */; };
		4A17EAC01DFFCCD700AC207C /* LaunchScreen.storyboard in Resources */ = {isa = PBXBuildFile; fileRef = 4A17EABE1DFFCCD700AC207C /* LaunchScreen.storyboard */; };
		4A17EACA1DFFCD6F00AC207C /* NYNavigationView.m in Sources */ = {isa = PBXBuildFile; fileRef = 4A17EAC91DFFCD6F00AC207C /* NYNavigationView.m */; };
		4A17EAD01DFFE36000AC207C /* FirstView.m in Sources */ = {isa = PBXBuildFile; fileRef = 4A17EACF1DFFE36000AC207C /* FirstView.m */; };
		4A17EAD31DFFE37000AC207C /* SecondView.m in Sources */ = {isa = PBXBuildFile; fileRef = 4A17EAD21DFFE37000AC207C /* SecondView.m */; };
		4A17EAD61DFFE37900AC207C /* ThirdView.m in Sources */ = {isa = PBXBuildFile; fileRef = 4A17EAD51DFFE37900AC207C /* ThirdView.m */; };
		4A17EADF1DFFF79F00AC207C /* UIView+NYNavigation.m in Sources */ = {isa = PBXBuildFile; fileRef = 4A17EADE1DFFF79F00AC207C /* UIView+NYNavigation.m */; };
		4A17EAE31E00E66800AC207C /* back-red@2x.png in Resources */ = {isa = PBXBuildFile; fileRef = 4A17EAE11E00E66800AC207C /* back-red@2x.png */; };
		4A17EAE41E00E66800AC207C /* back-red@3x.png in Resources */ = {isa = PBXBuildFile; fileRef = 4A17EAE21E00E66800AC207C /* back-red@3x.png */; };
		4A17EAE81E010CCC00AC207C /* MidNYView.m in Sources */ = {isa = PBXBuildFile; fileRef = 4A17EAE71E010CCC00AC207C /* MidNYView.m */; };
		4A17EAEF1E011DCF00AC207C /* statusbar.jpg in Resources */ = {isa = PBXBuildFile; fileRef = 4A17EAEE1E011DCF00AC207C /* statusbar.jpg */; };
		4A17EAFA1E0122FD00AC207C /* BallAnimationLayer.m in Sources */ = {isa = PBXBuildFile; fileRef = 4A17EAF21E0122FD00AC207C /* BallAnimationLayer.m */; };
		4A17EAFB1E0122FD00AC207C /* BallAnimationModel.m in Sources */ = {isa = PBXBuildFile; fileRef = 4A17EAF41E0122FD00AC207C /* BallAnimationModel.m */; };
		4A17EAFC1E0122FD00AC207C /* LOGO@2x.png in Resources */ = {isa = PBXBuildFile; fileRef = 4A17EAF61E0122FD00AC207C /* LOGO@2x.png */; };
		4A17EAFD1E0122FD00AC207C /* LOGO@3x.png in Resources */ = {isa = PBXBuildFile; fileRef = 4A17EAF71E0122FD00AC207C /* LOGO@3x.png */; };
		4A17EAFE1E0122FD00AC207C /* GameCenterView.m in Sources */ = {isa = PBXBuildFile; fileRef = 4A17EAF91E0122FD00AC207C /* GameCenterView.m */; };
		4A17EB011E0123A600AC207C /* FirstViewController.m in Sources */ = {isa = PBXBuildFile; fileRef = 4A17EB001E0123A600AC207C /* FirstViewController.m */; };
		4A17EB041E012F7100AC207C /* dragon1.png in Resources */ = {isa = PBXBuildFile; fileRef = 4A17EB021E012F7100AC207C /* dragon1.png */; };
		4A17EB051E012F7100AC207C /* dragon2.png in Resources */ = {isa = PBXBuildFile; fileRef = 4A17EB031E012F7100AC207C /* dragon2.png */; };
/* End PBXBuildFile section */

/* Begin PBXFileReference section */
		4A17EAAD1DFFCCD700AC207C /* NYNavigationViewDemo.app */ = {isa = PBXFileReference; explicitFileType = wrapper.application; includeInIndex = 0; path = NYNavigationViewDemo.app; sourceTree = BUILT_PRODUCTS_DIR; };
		4A17EAB11DFFCCD700AC207C /* main.m */ = {isa = PBXFileReference; lastKnownFileType = sourcecode.c.objc; path = main.m; sourceTree = "<group>"; };
		4A17EAB31DFFCCD700AC207C /* AppDelegate.h */ = {isa = PBXFileReference; lastKnownFileType = sourcecode.c.h; path = AppDelegate.h; sourceTree = "<group>"; };
		4A17EAB41DFFCCD700AC207C /* AppDelegate.m */ = {isa = PBXFileReference; lastKnownFileType = sourcecode.c.objc; path = AppDelegate.m; sourceTree = "<group>"; };
		4A17EAB61DFFCCD700AC207C /* ViewController.h */ = {isa = PBXFileReference; lastKnownFileType = sourcecode.c.h; path = ViewController.h; sourceTree = "<group>"; };
		4A17EAB71DFFCCD700AC207C /* ViewController.m */ = {isa = PBXFileReference; lastKnownFileType = sourcecode.c.objc; path = ViewController.m; sourceTree = "<group>"; };
		4A17EABA1DFFCCD700AC207C /* Base */ = {isa = PBXFileReference; lastKnownFileType = file.storyboard; name = Base; path = Base.lproj/Main.storyboard; sourceTree = "<group>"; };
		4A17EABC1DFFCCD700AC207C /* Assets.xcassets */ = {isa = PBXFileReference; lastKnownFileType = folder.assetcatalog; path = Assets.xcassets; sourceTree = "<group>"; };
		4A17EABF1DFFCCD700AC207C /* Base */ = {isa = PBXFileReference; lastKnownFileType = file.storyboard; name = Base; path = Base.lproj/LaunchScreen.storyboard; sourceTree = "<group>"; };
		4A17EAC11DFFCCD700AC207C /* Info.plist */ = {isa = PBXFileReference; lastKnownFileType = text.plist.xml; path = Info.plist; sourceTree = "<group>"; };
		4A17EAC81DFFCD6F00AC207C /* NYNavigationView.h */ = {isa = PBXFileReference; fileEncoding = 4; lastKnownFileType = sourcecode.c.h; path = NYNavigationView.h; sourceTree = "<group>"; };
		4A17EAC91DFFCD6F00AC207C /* NYNavigationView.m */ = {isa = PBXFileReference; fileEncoding = 4; lastKnownFileType = sourcecode.c.objc; path = NYNavigationView.m; sourceTree = "<group>"; };
		4A17EACE1DFFE36000AC207C /* FirstView.h */ = {isa = PBXFileReference; fileEncoding = 4; lastKnownFileType = sourcecode.c.h; path = FirstView.h; sourceTree = "<group>"; };
		4A17EACF1DFFE36000AC207C /* FirstView.m */ = {isa = PBXFileReference; fileEncoding = 4; lastKnownFileType = sourcecode.c.objc; path = FirstView.m; sourceTree = "<group>"; };
		4A17EAD11DFFE37000AC207C /* SecondView.h */ = {isa = PBXFileReference; fileEncoding = 4; lastKnownFileType = sourcecode.c.h; path = SecondView.h; sourceTree = "<group>"; };
		4A17EAD21DFFE37000AC207C /* SecondView.m */ = {isa = PBXFileReference; fileEncoding = 4; lastKnownFileType = sourcecode.c.objc; path = SecondView.m; sourceTree = "<group>"; };
		4A17EAD41DFFE37900AC207C /* ThirdView.h */ = {isa = PBXFileReference; fileEncoding = 4; lastKnownFileType = sourcecode.c.h; path = ThirdView.h; sourceTree = "<group>"; };
		4A17EAD51DFFE37900AC207C /* ThirdView.m */ = {isa = PBXFileReference; fileEncoding = 4; lastKnownFileType = sourcecode.c.objc; path = ThirdView.m; sourceTree = "<group>"; };
		4A17EADD1DFFF79F00AC207C /* UIView+NYNavigation.h */ = {isa = PBXFileReference; fileEncoding = 4; lastKnownFileType = sourcecode.c.h; path = "UIView+NYNavigation.h"; sourceTree = "<group>"; };
		4A17EADE1DFFF79F00AC207C /* UIView+NYNavigation.m */ = {isa = PBXFileReference; fileEncoding = 4; lastKnownFileType = sourcecode.c.objc; path = "UIView+NYNavigation.m"; sourceTree = "<group>"; };
		4A17EAE11E00E66800AC207C /* back-red@2x.png */ = {isa = PBXFileReference; lastKnownFileType = image.png; path = "back-red@2x.png"; sourceTree = "<group>"; };
		4A17EAE21E00E66800AC207C /* back-red@3x.png */ = {isa = PBXFileReference; lastKnownFileType = image.png; path = "back-red@3x.png"; sourceTree = "<group>"; };
		4A17EAE51E010A7F00AC207C /* PrefixHeader.pch */ = {isa = PBXFileReference; lastKnownFileType = sourcecode.c.h; path = PrefixHeader.pch; sourceTree = "<group>"; };
		4A17EAE61E010CCC00AC207C /* MidNYView.h */ = {isa = PBXFileReference; fileEncoding = 4; lastKnownFileType = sourcecode.c.h; path = MidNYView.h; sourceTree = "<group>"; };
		4A17EAE71E010CCC00AC207C /* MidNYView.m */ = {isa = PBXFileReference; fileEncoding = 4; lastKnownFileType = sourcecode.c.objc; path = MidNYView.m; sourceTree = "<group>"; };
		4A17EAEE1E011DCF00AC207C /* statusbar.jpg */ = {isa = PBXFileReference; lastKnownFileType = image.jpeg; path = statusbar.jpg; sourceTree = "<group>"; };
		4A17EAF11E0122FD00AC207C /* BallAnimationLayer.h */ = {isa = PBXFileReference; fileEncoding = 4; lastKnownFileType = sourcecode.c.h; path = BallAnimationLayer.h; sourceTree = "<group>"; };
		4A17EAF21E0122FD00AC207C /* BallAnimationLayer.m */ = {isa = PBXFileReference; fileEncoding = 4; lastKnownFileType = sourcecode.c.objc; path = BallAnimationLayer.m; sourceTree = "<group>"; };
		4A17EAF31E0122FD00AC207C /* BallAnimationModel.h */ = {isa = PBXFileReference; fileEncoding = 4; lastKnownFileType = sourcecode.c.h; path = BallAnimationModel.h; sourceTree = "<group>"; };
		4A17EAF41E0122FD00AC207C /* BallAnimationModel.m */ = {isa = PBXFileReference; fileEncoding = 4; lastKnownFileType = sourcecode.c.objc; path = BallAnimationModel.m; sourceTree = "<group>"; };
		4A17EAF61E0122FD00AC207C /* LOGO@2x.png */ = {isa = PBXFileReference; lastKnownFileType = image.png; path = "LOGO@2x.png"; sourceTree = "<group>"; };
		4A17EAF71E0122FD00AC207C /* LOGO@3x.png */ = {isa = PBXFileReference; lastKnownFileType = image.png; path = "LOGO@3x.png"; sourceTree = "<group>"; };
		4A17EAF81E0122FD00AC207C /* GameCenterView.h */ = {isa = PBXFileReference; fileEncoding = 4; lastKnownFileType = sourcecode.c.h; path = GameCenterView.h; sourceTree = "<group>"; };
		4A17EAF91E0122FD00AC207C /* GameCenterView.m */ = {isa = PBXFileReference; fileEncoding = 4; lastKnownFileType = sourcecode.c.objc; path = GameCenterView.m; sourceTree = "<group>"; };
		4A17EAFF1E0123A600AC207C /* FirstViewController.h */ = {isa = PBXFileReference; fileEncoding = 4; lastKnownFileType = sourcecode.c.h; path = FirstViewController.h; sourceTree = "<group>"; };
		4A17EB001E0123A600AC207C /* FirstViewController.m */ = {isa = PBXFileReference; fileEncoding = 4; lastKnownFileType = sourcecode.c.objc; path = FirstViewController.m; sourceTree = "<group>"; };
		4A17EB021E012F7100AC207C /* dragon1.png */ = {isa = PBXFileReference; lastKnownFileType = image.png; path = dragon1.png; sourceTree = "<group>"; };
		4A17EB031E012F7100AC207C /* dragon2.png */ = {isa = PBXFileReference; lastKnownFileType = image.png; path = dragon2.png; sourceTree = "<group>"; };
/* End PBXFileReference section */

/* Begin PBXFrameworksBuildPhase section */
		4A17EAAA1DFFCCD700AC207C /* Frameworks */ = {
			isa = PBXFrameworksBuildPhase;
			buildActionMask = 2147483647;
			files = (
			);
			runOnlyForDeploymentPostprocessing = 0;
		};
/* End PBXFrameworksBuildPhase section */

/* Begin PBXGroup section */
		4A17EAA41DFFCCD700AC207C = {
			isa = PBXGroup;
			children = (
				4A17EAAF1DFFCCD700AC207C /* NYNavigationViewDemo */,
				4A17EAAE1DFFCCD700AC207C /* Products */,
			);
			sourceTree = "<group>";
		};
		4A17EAAE1DFFCCD700AC207C /* Products */ = {
			isa = PBXGroup;
			children = (
				4A17EAAD1DFFCCD700AC207C /* NYNavigationViewDemo.app */,
			);
			name = Products;
			sourceTree = "<group>";
		};
		4A17EAAF1DFFCCD700AC207C /* NYNavigationViewDemo */ = {
			isa = PBXGroup;
			children = (
				4A17EAF01E0122FD00AC207C /* GameCenterView */,
				4A17EAC71DFFCD5800AC207C /* NYNavigationView */,
				4A17EAFF1E0123A600AC207C /* FirstViewController.h */,
				4A17EB001E0123A600AC207C /* FirstViewController.m */,
				4A17EAB61DFFCCD700AC207C /* ViewController.h */,
				4A17EAB71DFFCCD700AC207C /* ViewController.m */,
				4A17EAE61E010CCC00AC207C /* MidNYView.h */,
				4A17EAE71E010CCC00AC207C /* MidNYView.m */,
				4A17EACE1DFFE36000AC207C /* FirstView.h */,
				4A17EACF1DFFE36000AC207C /* FirstView.m */,
				4A17EAD11DFFE37000AC207C /* SecondView.h */,
				4A17EAD21DFFE37000AC207C /* SecondView.m */,
				4A17EAD41DFFE37900AC207C /* ThirdView.h */,
				4A17EAD51DFFE37900AC207C /* ThirdView.m */,
				4A17EAE01E00E66800AC207C /* Images */,
				4A17EAB01DFFCCD700AC207C /* Supporting Files */,
			);
			path = NYNavigationViewDemo;
			sourceTree = "<group>";
		};
		4A17EAB01DFFCCD700AC207C /* Supporting Files */ = {
			isa = PBXGroup;
			children = (
				4A17EAB31DFFCCD700AC207C /* AppDelegate.h */,
				4A17EAB41DFFCCD700AC207C /* AppDelegate.m */,
				4A17EAB91DFFCCD700AC207C /* Main.storyboard */,
				4A17EABC1DFFCCD700AC207C /* Assets.xcassets */,
				4A17EABE1DFFCCD700AC207C /* LaunchScreen.storyboard */,
				4A17EAC11DFFCCD700AC207C /* Info.plist */,
				4A17EAB11DFFCCD700AC207C /* main.m */,
				4A17EAE51E010A7F00AC207C /* PrefixHeader.pch */,
			);
			name = "Supporting Files";
			sourceTree = "<group>";
		};
		4A17EAC71DFFCD5800AC207C /* NYNavigationView */ = {
			isa = PBXGroup;
			children = (
				4A17EAC81DFFCD6F00AC207C /* NYNavigationView.h */,
				4A17EAC91DFFCD6F00AC207C /* NYNavigationView.m */,
				4A17EADD1DFFF79F00AC207C /* UIView+NYNavigation.h */,
				4A17EADE1DFFF79F00AC207C /* UIView+NYNavigation.m */,
			);
			path = NYNavigationView;
			sourceTree = "<group>";
		};
		4A17EAE01E00E66800AC207C /* Images */ = {
			isa = PBXGroup;
			children = (
				4A17EB021E012F7100AC207C /* dragon1.png */,
				4A17EB031E012F7100AC207C /* dragon2.png */,
				4A17EAEE1E011DCF00AC207C /* statusbar.jpg */,
				4A17EAE11E00E66800AC207C /* back-red@2x.png */,
				4A17EAE21E00E66800AC207C /* back-red@3x.png */,
			);
			path = Images;
			sourceTree = "<group>";
		};
		4A17EAF01E0122FD00AC207C /* GameCenterView */ = {
			isa = PBXGroup;
			children = (
				4A17EAF11E0122FD00AC207C /* BallAnimationLayer.h */,
				4A17EAF21E0122FD00AC207C /* BallAnimationLayer.m */,
				4A17EAF31E0122FD00AC207C /* BallAnimationModel.h */,
				4A17EAF41E0122FD00AC207C /* BallAnimationModel.m */,
				4A17EAF51E0122FD00AC207C /* Bundles */,
				4A17EAF81E0122FD00AC207C /* GameCenterView.h */,
				4A17EAF91E0122FD00AC207C /* GameCenterView.m */,
			);
			path = GameCenterView;
			sourceTree = "<group>";
		};
		4A17EAF51E0122FD00AC207C /* Bundles */ = {
			isa = PBXGroup;
			children = (
				4A17EAF61E0122FD00AC207C /* LOGO@2x.png */,
				4A17EAF71E0122FD00AC207C /* LOGO@3x.png */,
			);
			path = Bundles;
			sourceTree = "<group>";
		};
/* End PBXGroup section */

/* Begin PBXNativeTarget section */
		4A17EAAC1DFFCCD700AC207C /* NYNavigationViewDemo */ = {
			isa = PBXNativeTarget;
			buildConfigurationList = 4A17EAC41DFFCCD700AC207C /* Build configuration list for PBXNativeTarget "NYNavigationViewDemo" */;
			buildPhases = (
				4A17EAA91DFFCCD700AC207C /* Sources */,
				4A17EAAA1DFFCCD700AC207C /* Frameworks */,
				4A17EAAB1DFFCCD700AC207C /* Resources */,
			);
			buildRules = (
			);
			dependencies = (
			);
			name = NYNavigationViewDemo;
			productName = NYNavigationViewDemo;
			productReference = 4A17EAAD1DFFCCD700AC207C /* NYNavigationViewDemo.app */;
			productType = "com.apple.product-type.application";
		};
/* End PBXNativeTarget section */

/* Begin PBXProject section */
		4A17EAA51DFFCCD700AC207C /* Project object */ = {
			isa = PBXProject;
			attributes = {
				LastUpgradeCheck = 0800;
				ORGANIZATIONNAME = "牛严";
				TargetAttributes = {
					4A17EAAC1DFFCCD700AC207C = {
						CreatedOnToolsVersion = 8.0;
						DevelopmentTeam = Z9M2NMJFP5;
						ProvisioningStyle = Automatic;
					};
				};
			};
			buildConfigurationList = 4A17EAA81DFFCCD700AC207C /* Build configuration list for PBXProject "NYNavigationViewDemo" */;
			compatibilityVersion = "Xcode 3.2";
			developmentRegion = English;
			hasScannedForEncodings = 0;
			knownRegions = (
				en,
				Base,
			);
			mainGroup = 4A17EAA41DFFCCD700AC207C;
			productRefGroup = 4A17EAAE1DFFCCD700AC207C /* Products */;
			projectDirPath = "";
			projectRoot = "";
			targets = (
				4A17EAAC1DFFCCD700AC207C /* NYNavigationViewDemo */,
			);
		};
/* End PBXProject section */

/* Begin PBXResourcesBuildPhase section */
		4A17EAAB1DFFCCD700AC207C /* Resources */ = {
			isa = PBXResourcesBuildPhase;
			buildActionMask = 2147483647;
			files = (
				4A17EB041E012F7100AC207C /* dragon1.png in Resources */,
				4A17EAC01DFFCCD700AC207C /* LaunchScreen.storyboard in Resources */,
				4A17EAE31E00E66800AC207C /* back-red@2x.png in Resources */,
				4A17EAFD1E0122FD00AC207C /* LOGO@3x.png in Resources */,
				4A17EAE41E00E66800AC207C /* back-red@3x.png in Resources */,
				4A17EAEF1E011DCF00AC207C /* statusbar.jpg in Resources */,
				4A17EABD1DFFCCD700AC207C /* Assets.xcassets in Resources */,
				4A17EABB1DFFCCD700AC207C /* Main.storyboard in Resources */,
				4A17EAFC1E0122FD00AC207C /* LOGO@2x.png in Resources */,
				4A17EB051E012F7100AC207C /* dragon2.png in Resources */,
			);
			runOnlyForDeploymentPostprocessing = 0;
		};
/* End PBXResourcesBuildPhase section */

/* Begin PBXSourcesBuildPhase section */
		4A17EAA91DFFCCD700AC207C /* Sources */ = {
			isa = PBXSourcesBuildPhase;
			buildActionMask = 2147483647;
			files = (
				4A17EAFE1E0122FD00AC207C /* GameCenterView.m in Sources */,
				4A17EAB81DFFCCD700AC207C /* ViewController.m in Sources */,
				4A17EAFA1E0122FD00AC207C /* BallAnimationLayer.m in Sources */,
				4A17EAD31DFFE37000AC207C /* SecondView.m in Sources */,
				4A17EAB51DFFCCD700AC207C /* AppDelegate.m in Sources */,
				4A17EADF1DFFF79F00AC207C /* UIView+NYNavigation.m in Sources */,
				4A17EAE81E010CCC00AC207C /* MidNYView.m in Sources */,
				4A17EAD61DFFE37900AC207C /* ThirdView.m in Sources */,
				4A17EB011E0123A600AC207C /* FirstViewController.m in Sources */,
				4A17EAB21DFFCCD700AC207C /* main.m in Sources */,
				4A17EACA1DFFCD6F00AC207C /* NYNavigationView.m in Sources */,
				4A17EAD01DFFE36000AC207C /* FirstView.m in Sources */,
				4A17EAFB1E0122FD00AC207C /* BallAnimationModel.m in Sources */,
			);
			runOnlyForDeploymentPostprocessing = 0;
		};
/* End PBXSourcesBuildPhase section */

/* Begin PBXVariantGroup section */
		4A17EAB91DFFCCD700AC207C /* Main.storyboard */ = {
			isa = PBXVariantGroup;
			children = (
				4A17EABA1DFFCCD700AC207C /* Base */,
			);
			name = Main.storyboard;
			sourceTree = "<group>";
		};
		4A17EABE1DFFCCD700AC207C /* LaunchScreen.storyboard */ = {
			isa = PBXVariantGroup;
			children = (
				4A17EABF1DFFCCD700AC207C /* Base */,
			);
			name = LaunchScreen.storyboard;
			sourceTree = "<group>";
		};
/* End PBXVariantGroup section */

/* Begin XCBuildConfiguration section */
		4A17EAC21DFFCCD700AC207C /* Debug */ = {
			isa = XCBuildConfiguration;
			buildSettings = {
				ALWAYS_SEARCH_USER_PATHS = NO;
				CLANG_ANALYZER_NONNULL = YES;
				CLANG_CXX_LANGUAGE_STANDARD = "gnu++0x";
				CLANG_CXX_LIBRARY = "libc++";
				CLANG_ENABLE_MODULES = YES;
				CLANG_ENABLE_OBJC_ARC = YES;
				CLANG_WARN_BOOL_CONVERSION = YES;
				CLANG_WARN_CONSTANT_CONVERSION = YES;
				CLANG_WARN_DIRECT_OBJC_ISA_USAGE = YES_ERROR;
				CLANG_WARN_DOCUMENTATION_COMMENTS = YES;
				CLANG_WARN_EMPTY_BODY = YES;
				CLANG_WARN_ENUM_CONVERSION = YES;
				CLANG_WARN_INFINITE_RECURSION = YES;
				CLANG_WARN_INT_CONVERSION = YES;
				CLANG_WARN_OBJC_ROOT_CLASS = YES_ERROR;
				CLANG_WARN_SUSPICIOUS_MOVES = YES;
				CLANG_WARN_UNREACHABLE_CODE = YES;
				CLANG_WARN__DUPLICATE_METHOD_MATCH = YES;
				"CODE_SIGN_IDENTITY[sdk=iphoneos*]" = "iPhone Developer";
				COPY_PHASE_STRIP = NO;
				DEBUG_INFORMATION_FORMAT = dwarf;
				ENABLE_STRICT_OBJC_MSGSEND = YES;
				ENABLE_TESTABILITY = YES;
				GCC_C_LANGUAGE_STANDARD = gnu99;
				GCC_DYNAMIC_NO_PIC = NO;
				GCC_NO_COMMON_BLOCKS = YES;
				GCC_OPTIMIZATION_LEVEL = 0;
				GCC_PREPROCESSOR_DEFINITIONS = (
					"DEBUG=1",
					"$(inherited)",
				);
				GCC_WARN_64_TO_32_BIT_CONVERSION = YES;
				GCC_WARN_ABOUT_RETURN_TYPE = YES_ERROR;
				GCC_WARN_UNDECLARED_SELECTOR = YES;
				GCC_WARN_UNINITIALIZED_AUTOS = YES_AGGRESSIVE;
				GCC_WARN_UNUSED_FUNCTION = YES;
				GCC_WARN_UNUSED_VARIABLE = YES;
				IPHONEOS_DEPLOYMENT_TARGET = 10.0;
				MTL_ENABLE_DEBUG_INFO = YES;
				ONLY_ACTIVE_ARCH = YES;
				SDKROOT = iphoneos;
				TARGETED_DEVICE_FAMILY = "1,2";
			};
			name = Debug;
		};
		4A17EAC31DFFCCD700AC207C /* Release */ = {
			isa = XCBuildConfiguration;
			buildSettings = {
				ALWAYS_SEARCH_USER_PATHS = NO;
				CLANG_ANALYZER_NONNULL = YES;
				CLANG_CXX_LANGUAGE_STANDARD = "gnu++0x";
				CLANG_CXX_LIBRARY = "libc++";
				CLANG_ENABLE_MODULES = YES;
				CLANG_ENABLE_OBJC_ARC = YES;
				CLANG_WARN_BOOL_CONVERSION = YES;
				CLANG_WARN_CONSTANT_CONVERSION = YES;
				CLANG_WARN_DIRECT_OBJC_ISA_USAGE = YES_ERROR;
				CLANG_WARN_DOCUMENTATION_COMMENTS = YES;
				CLANG_WARN_EMPTY_BODY = YES;
				CLANG_WARN_ENUM_CONVERSION = YES;
				CLANG_WARN_INFINITE_RECURSION = YES;
				CLANG_WARN_INT_CONVERSION = YES;
				CLANG_WARN_OBJC_ROOT_CLASS = YES_ERROR;
				CLANG_WARN_SUSPICIOUS_MOVES = YES;
				CLANG_WARN_UNREACHABLE_CODE = YES;
				CLANG_WARN__DUPLICATE_METHOD_MATCH = YES;
				"CODE_SIGN_IDENTITY[sdk=iphoneos*]" = "iPhone Developer";
				COPY_PHASE_STRIP = NO;
				DEBUG_INFORMATION_FORMAT = "dwarf-with-dsym";
				ENABLE_NS_ASSERTIONS = NO;
				ENABLE_STRICT_OBJC_MSGSEND = YES;
				GCC_C_LANGUAGE_STANDARD = gnu99;
				GCC_NO_COMMON_BLOCKS = YES;
				GCC_WARN_64_TO_32_BIT_CONVERSION = YES;
				GCC_WARN_ABOUT_RETURN_TYPE = YES_ERROR;
				GCC_WARN_UNDECLARED_SELECTOR = YES;
				GCC_WARN_UNINITIALIZED_AUTOS = YES_AGGRESSIVE;
				GCC_WARN_UNUSED_FUNCTION = YES;
				GCC_WARN_UNUSED_VARIABLE = YES;
				IPHONEOS_DEPLOYMENT_TARGET = 10.0;
				MTL_ENABLE_DEBUG_INFO = NO;
				SDKROOT = iphoneos;
				TARGETED_DEVICE_FAMILY = "1,2";
				VALIDATE_PRODUCT = YES;
			};
			name = Release;
		};
		4A17EAC51DFFCCD700AC207C /* Debug */ = {
			isa = XCBuildConfiguration;
			buildSettings = {
				ASSETCATALOG_COMPILER_APPICON_NAME = AppIcon;
				DEVELOPMENT_TEAM = Z9M2NMJFP5;
				GCC_PREFIX_HEADER = NYNavigationViewDemo/PrefixHeader.pch;
				INFOPLIST_FILE = NYNavigationViewDemo/Info.plist;
				IPHONEOS_DEPLOYMENT_TARGET = 10.0;
				LD_RUNPATH_SEARCH_PATHS = "$(inherited) @executable_path/Frameworks";
				PRODUCT_BUNDLE_IDENTIFIER = tech.niuyan.NYNavigationViewDemo;
				PRODUCT_NAME = "$(TARGET_NAME)";
			};
			name = Debug;
		};
		4A17EAC61DFFCCD700AC207C /* Release */ = {
			isa = XCBuildConfiguration;
			buildSettings = {
				ASSETCATALOG_COMPILER_APPICON_NAME = AppIcon;
				DEVELOPMENT_TEAM = Z9M2NMJFP5;
				GCC_PREFIX_HEADER = NYNavigationViewDemo/PrefixHeader.pch;
				INFOPLIST_FILE = NYNavigationViewDemo/Info.plist;
				IPHONEOS_DEPLOYMENT_TARGET = 10.0;
				LD_RUNPATH_SEARCH_PATHS = "$(inherited) @executable_path/Frameworks";
				PRODUCT_BUNDLE_IDENTIFIER = tech.niuyan.NYNavigationViewDemo;
				PRODUCT_NAME = "$(TARGET_NAME)";
			};
			name = Release;
		};
/* End XCBuildConfiguration section */

/* Begin XCConfigurationList section */
		4A17EAA81DFFCCD700AC207C /* Build configuration list for PBXProject "NYNavigationViewDemo" */ = {
			isa = XCConfigurationList;
			buildConfigurations = (
				4A17EAC21DFFCCD700AC207C /* Debug */,
				4A17EAC31DFFCCD700AC207C /* Release */,
			);
			defaultConfigurationIsVisible = 0;
			defaultConfigurationName = Release;
		};
		4A17EAC41DFFCCD700AC207C /* Build configuration list for PBXNativeTarget "NYNavigationViewDemo" */ = {
			isa = XCConfigurationList;
			buildConfigurations = (
				4A17EAC51DFFCCD700AC207C /* Debug */,
				4A17EAC61DFFCCD700AC207C /* Release */,
			);
			defaultConfigurationIsVisible = 0;
			defaultConfigurationName = Release;
		};
/* End XCConfigurationList section */
	};
	rootObject = 4A17EAA51DFFCCD700AC207C /* Project object */;
}
